{
  "requires": true,
  "lockfileVersion": 1,
  "dependencies": {
    "@capacitor/ios": {
      "version": "3.3.2",
      "resolved": "https://registry.npmjs.org/@capacitor/ios/-/ios-3.3.2.tgz",
      "integrity": "sha512-qXbWo9zTtinIYDxKsLdkXXuZD8H+wlJII3+ZF9QzH+38IYyd+sohOG3NLC8EaX7GRtwCymd+mGotoN420SfQ4Q=="
    }
  }
}
