PODS:
  - Capacitor (3.3.2):
    - CapacitorCordova
  - CapacitorApp (1.0.6):
    - Capacitor
  - CapacitorCordova (3.3.2)
  - CapacitorHaptics (1.1.3):
    - Capacitor
  - CapacitorKeyboard (1.1.3):
    - Capacitor
  - CapacitorStatusBar (1.0.6):
    - Capacitor
  - razorpay-pod (1.1.16)

DEPENDENCIES:
  - "Capacitor (from `../../node_modules/@capacitor/ios`)"
  - "CapacitorApp (from `../../node_modules/@capacitor/app`)"
  - "CapacitorCordova (from `../../node_modules/@capacitor/ios`)"
  - "CapacitorHaptics (from `../../node_modules/@capacitor/haptics`)"
  - "CapacitorKeyboard (from `../../node_modules/@capacitor/keyboard`)"
  - "CapacitorStatusBar (from `../../node_modules/@capacitor/status-bar`)"
  - razorpay-pod (~> 1.1)

SPEC REPOS:
  trunk:
    - razorpay-pod

EXTERNAL SOURCES:
  Capacitor:
    :path: "../../node_modules/@capacitor/ios"
  CapacitorApp:
    :path: "../../node_modules/@capacitor/app"
  CapacitorCordova:
    :path: "../../node_modules/@capacitor/ios"
  CapacitorHaptics:
    :path: "../../node_modules/@capacitor/haptics"
  CapacitorKeyboard:
    :path: "../../node_modules/@capacitor/keyboard"
  CapacitorStatusBar:
    :path: "../../node_modules/@capacitor/status-bar"

SPEC CHECKSUMS:
  Capacitor: b8a7b81d33f3b7dcf934e2efc833feb6a1a8495f
  CapacitorApp: 95a34b701afe580c9b1c1a56ab8a522ce080925e
  CapacitorCordova: a971c79c2186c6291c839c855ef2c31d0ca26ede
  CapacitorHaptics: d8a540ff5a935d9aae50e70800a670e951700592
  CapacitorKeyboard: ded9e048d9710b9149fb2b6db885c07f7dec54c3
  CapacitorStatusBar: 867707b03a4f319dfe5a16447ad056528c04dcf7
  razorpay-pod: f1763f8ee8f83152837abe7de1cdfbcd4eb035b9

PODFILE CHECKSUM: 232943cdba4304fc9d3b23499bfac35d9c311ceb

COCOAPODS: 1.10.1
